// !$*UTF8*$!
{
	archiveVersion = 1;
	classes = {
	};
	objectVersion = 46;
	objects = {

/* Begin PBXBuildFile section */
		FBAD00A319B2890400DBD573 /* main.swift in Sources */ = {isa = PBXBuildFile; fileRef = FBAD00A219B2890400DBD573 /* main.swift */; };
		FBAD00AA19B2891B00DBD573 /* Result.swift in Sources */ = {isa = PBXBuildFile; fileRef = FBAD00A919B2891B00DBD573 /* Result.swift */; };
		FBAD00BF19B365F200DBD573 /* Future.swift in Sources */ = {isa = PBXBuildFile; fileRef = FBAD00BE19B365F200DBD573 /* Future.swift */; };
		FBAD00C119B3660F00DBD573 /* ExecutionContext.swift in Sources */ = {isa = PBXBuildFile; fileRef = FBAD00C019B3660F00DBD573 /* ExecutionContext.swift */; };
		FBAD00C319B3664E00DBD573 /* GCDExecutionContext.swift in Sources */ = {isa = PBXBuildFile; fileRef = FBAD00C219B3664E00DBD573 /* GCDExecutionContext.swift */; };
		FBAD00C519B36A3800DBD573 /* JSON.swift in Sources */ = {isa = PBXBuildFile; fileRef = FBAD00C419B36A3800DBD573 /* JSON.swift */; };
		FBAD00C819B3C29100DBD573 /* Promise.swift in Sources */ = {isa = PBXBuildFile; fileRef = FBAD00C719B3C29100DBD573 /* Promise.swift */; };
/* End PBXBuildFile section */

/* Begin PBXCopyFilesBuildPhase section */
		FBAD009D19B2890400DBD573 /* CopyFiles */ = {
			isa = PBXCopyFilesBuildPhase;
			buildActionMask = 2147483647;
			dstPath = /usr/share/man/man1/;
			dstSubfolderSpec = 0;
			files = (
			);
			runOnlyForDeploymentPostprocessing = 1;
		};
/* End PBXCopyFilesBuildPhase section */

/* Begin PBXFileReference section */
		FBAD009F19B2890400DBD573 /* randomfetch */ = {isa = PBXFileReference; explicitFileType = "compiled.mach-o.executable"; includeInIndex = 0; path = randomfetch; sourceTree = BUILT_PRODUCTS_DIR; };
		FBAD00A219B2890400DBD573 /* main.swift */ = {isa = PBXFileReference; lastKnownFileType = sourcecode.swift; path = main.swift; sourceTree = "<group>"; };
		FBAD00A919B2891B00DBD573 /* Result.swift */ = {isa = PBXFileReference; fileEncoding = 4; lastKnownFileType = sourcecode.swift; path = Result.swift; sourceTree = "<group>"; };
		FBAD00BE19B365F200DBD573 /* Future.swift */ = {isa = PBXFileReference; fileEncoding = 4; lastKnownFileType = sourcecode.swift; path = Future.swift; sourceTree = "<group>"; };
		FBAD00C019B3660F00DBD573 /* ExecutionContext.swift */ = {isa = PBXFileReference; fileEncoding = 4; lastKnownFileType = sourcecode.swift; path = ExecutionContext.swift; sourceTree = "<group>"; };
		FBAD00C219B3664E00DBD573 /* GCDExecutionContext.swift */ = {isa = PBXFileReference; fileEncoding = 4; lastKnownFileType = sourcecode.swift; path = GCDExecutionContext.swift; sourceTree = "<group>"; };
		FBAD00C419B36A3800DBD573 /* JSON.swift */ = {isa = PBXFileReference; fileEncoding = 4; lastKnownFileType = sourcecode.swift; path = JSON.swift; sourceTree = "<group>"; };
		FBAD00C719B3C29100DBD573 /* Promise.swift */ = {isa = PBXFileReference; fileEncoding = 4; lastKnownFileType = sourcecode.swift; path = Promise.swift; sourceTree = "<group>"; };
/* End PBXFileReference section */

/* Begin PBXFrameworksBuildPhase section */
		FBAD009C19B2890400DBD573 /* Frameworks */ = {
			isa = PBXFrameworksBuildPhase;
			buildActionMask = 2147483647;
			files = (
			);
			runOnlyForDeploymentPostprocessing = 0;
		};
/* End PBXFrameworksBuildPhase section */

/* Begin PBXGroup section */
		FBAD009619B2890400DBD573 = {
			isa = PBXGroup;
			children = (
				FBAD00A119B2890400DBD573 /* randomfetch */,
				FBAD00A019B2890400DBD573 /* Products */,
			);
			sourceTree = "<group>";
		};
		FBAD00A019B2890400DBD573 /* Products */ = {
			isa = PBXGroup;
			children = (
				FBAD009F19B2890400DBD573 /* randomfetch */,
			);
			name = Products;
			sourceTree = "<group>";
		};
		FBAD00A119B2890400DBD573 /* randomfetch */ = {
			isa = PBXGroup;
			children = (
				FBAD00A219B2890400DBD573 /* main.swift */,
				FBAD00C719B3C29100DBD573 /* Promise.swift */,
				FBAD00C419B36A3800DBD573 /* JSON.swift */,
				FBAD00A919B2891B00DBD573 /* Result.swift */,
				FBAD00BE19B365F200DBD573 /* Future.swift */,
				FBAD00C019B3660F00DBD573 /* ExecutionContext.swift */,
				FBAD00C219B3664E00DBD573 /* GCDExecutionContext.swift */,
			);
			path = randomfetch;
			sourceTree = "<group>";
		};
/* End PBXGroup section */

/* Begin PBXNativeTarget section */
		FBAD009E19B2890400DBD573 /* randomfetch */ = {
			isa = PBXNativeTarget;
			buildConfigurationList = FBAD00A619B2890400DBD573 /* Build configuration list for PBXNativeTarget "randomfetch" */;
			buildPhases = (
				FBAD009B19B2890400DBD573 /* Sources */,
				FBAD009C19B2890400DBD573 /* Frameworks */,
				FBAD009D19B2890400DBD573 /* CopyFiles */,
			);
			buildRules = (
			);
			dependencies = (
			);
			name = randomfetch;
			productName = randomfetch;
			productReference = FBAD009F19B2890400DBD573 /* randomfetch */;
			productType = "com.apple.product-type.tool";
		};
/* End PBXNativeTarget section */

/* Begin PBXProject section */
		FBAD009719B2890400DBD573 /* Project object */ = {
			isa = PBXProject;
			attributes = {
				LastUpgradeCheck = 0600;
				ORGANIZATIONNAME = "Rob Napier";
				TargetAttributes = {
					FBAD009E19B2890400DBD573 = {
						CreatedOnToolsVersion = 6.0;
					};
				};
			};
			buildConfigurationList = FBAD009A19B2890400DBD573 /* Build configuration list for PBXProject "randomfetch" */;
			compatibilityVersion = "Xcode 3.2";
			developmentRegion = English;
			hasScannedForEncodings = 0;
			knownRegions = (
				en,
			);
			mainGroup = FBAD009619B2890400DBD573;
			productRefGroup = FBAD00A019B2890400DBD573 /* Products */;
			projectDirPath = "";
			projectRoot = "";
			targets = (
				FBAD009E19B2890400DBD573 /* randomfetch */,
			);
		};
/* End PBXProject section */

/* Begin PBXSourcesBuildPhase section */
		FBAD009B19B2890400DBD573 /* Sources */ = {
			isa = PBXSourcesBuildPhase;
			buildActionMask = 2147483647;
			files = (
				FBAD00C319B3664E00DBD573 /* GCDExecutionContext.swift in Sources */,
				FBAD00BF19B365F200DBD573 /* Future.swift in Sources */,
				FBAD00C819B3C29100DBD573 /* Promise.swift in Sources */,
				FBAD00AA19B2891B00DBD573 /* Result.swift in Sources */,
				FBAD00C519B36A3800DBD573 /* JSON.swift in Sources */,
				FBAD00C119B3660F00DBD573 /* ExecutionContext.swift in Sources */,
				FBAD00A319B2890400DBD573 /* main.swift in Sources */,
			);
			runOnlyForDeploymentPostprocessing = 0;
		};
/* End PBXSourcesBuildPhase section */

/* Begin XCBuildConfiguration section */
		FBAD00A419B2890400DBD573 /* Debug */ = {
			isa = XCBuildConfiguration;
			buildSettings = {
				ALWAYS_SEARCH_USER_PATHS = NO;
				CLANG_CXX_LANGUAGE_STANDARD = "gnu++0x";
				CLANG_CXX_LIBRARY = "libc++";
				CLANG_ENABLE_MODULES = YES;
				CLANG_ENABLE_OBJC_ARC = YES;
				CLANG_WARN_BOOL_CONVERSION = YES;
				CLANG_WARN_CONSTANT_CONVERSION = YES;
				CLANG_WARN_DIRECT_OBJC_ISA_USAGE = YES_ERROR;
				CLANG_WARN_EMPTY_BODY = YES;
				CLANG_WARN_ENUM_CONVERSION = YES;
				CLANG_WARN_INT_CONVERSION = YES;
				CLANG_WARN_OBJC_ROOT_CLASS = YES_ERROR;
				CLANG_WARN_UNREACHABLE_CODE = YES;
				CLANG_WARN__DUPLICATE_METHOD_MATCH = YES;
				COPY_PHASE_STRIP = NO;
				ENABLE_STRICT_OBJC_MSGSEND = YES;
				GCC_C_LANGUAGE_STANDARD = gnu99;
				GCC_DYNAMIC_NO_PIC = NO;
				GCC_OPTIMIZATION_LEVEL = 0;
				GCC_PREPROCESSOR_DEFINITIONS = (
					"DEBUG=1",
					"$(inherited)",
				);
				GCC_SYMBOLS_PRIVATE_EXTERN = NO;
				GCC_WARN_64_TO_32_BIT_CONVERSION = YES;
				GCC_WARN_ABOUT_RETURN_TYPE = YES_ERROR;
				GCC_WARN_UNDECLARED_SELECTOR = YES;
				GCC_WARN_UNINITIALIZED_AUTOS = YES_AGGRESSIVE;
				GCC_WARN_UNUSED_FUNCTION = YES;
				GCC_WARN_UNUSED_VARIABLE = YES;
				MACOSX_DEPLOYMENT_TARGET = 10.9;
				MTL_ENABLE_DEBUG_INFO = YES;
				ONLY_ACTIVE_ARCH = YES;
				SDKROOT = macosx;
				SWIFT_OPTIMIZATION_LEVEL = "-Onone";
			};
			name = Debug;
		};
		FBAD00A519B2890400DBD573 /* Release */ = {
			isa = XCBuildConfiguration;
			buildSettings = {
				ALWAYS_SEARCH_USER_PATHS = NO;
				CLANG_CXX_LANGUAGE_STANDARD = "gnu++0x";
				CLANG_CXX_LIBRARY = "libc++";
				CLANG_ENABLE_MODULES = YES;
				CLANG_ENABLE_OBJC_ARC = YES;
				CLANG_WARN_BOOL_CONVERSION = YES;
				CLANG_WARN_CONSTANT_CONVERSION = YES;
				CLANG_WARN_DIRECT_OBJC_ISA_USAGE = YES_ERROR;
				CLANG_WARN_EMPTY_BODY = YES;
				CLANG_WARN_ENUM_CONVERSION = YES;
				CLANG_WARN_INT_CONVERSION = YES;
				CLANG_WARN_OBJC_ROOT_CLASS = YES_ERROR;
				CLANG_WARN_UNREACHABLE_CODE = YES;
				CLANG_WARN__DUPLICATE_METHOD_MATCH = YES;
				COPY_PHASE_STRIP = YES;
				DEBUG_INFORMATION_FORMAT = "dwarf-with-dsym";
				ENABLE_NS_ASSERTIONS = NO;
				ENABLE_STRICT_OBJC_MSGSEND = YES;
				GCC_C_LANGUAGE_STANDARD = gnu99;
				GCC_WARN_64_TO_32_BIT_CONVERSION = YES;
				GCC_WARN_ABOUT_RETURN_TYPE = YES_ERROR;
				GCC_WARN_UNDECLARED_SELECTOR = YES;
				GCC_WARN_UNINITIALIZED_AUTOS = YES_AGGRESSIVE;
				GCC_WARN_UNUSED_FUNCTION = YES;
				GCC_WARN_UNUSED_VARIABLE = YES;
				MACOSX_DEPLOYMENT_TARGET = 10.9;
				MTL_ENABLE_DEBUG_INFO = NO;
				SDKROOT = macosx;
			};
			name = Release;
		};
		FBAD00A719B2890400DBD573 /* Debug */ = {
			isa = XCBuildConfiguration;
			buildSettings = {
				PRODUCT_NAME = "$(TARGET_NAME)";
			};
			name = Debug;
		};
		FBAD00A819B2890400DBD573 /* Release */ = {
			isa = XCBuildConfiguration;
			buildSettings = {
				PRODUCT_NAME = "$(TARGET_NAME)";
			};
			name = Release;
		};
/* End XCBuildConfiguration section */

/* Begin XCConfigurationList section */
		FBAD009A19B2890400DBD573 /* Build configuration list for PBXProject "randomfetch" */ = {
			isa = XCConfigurationList;
			buildConfigurations = (
				FBAD00A419B2890400DBD573 /* Debug */,
				FBAD00A519B2890400DBD573 /* Release */,
			);
			defaultConfigurationIsVisible = 0;
			defaultConfigurationName = Release;
		};
		FBAD00A619B2890400DBD573 /* Build configuration list for PBXNativeTarget "randomfetch" */ = {
			isa = XCConfigurationList;
			buildConfigurations = (
				FBAD00A719B2890400DBD573 /* Debug */,
				FBAD00A819B2890400DBD573 /* Release */,
			);
			defaultConfigurationIsVisible = 0;
		};
/* End XCConfigurationList section */
	};
	rootObject = FBAD009719B2890400DBD573 /* Project object */;
}
